
Microsoft Visual Studio Solution File, Format Version 12.00
# Visual Studio Version 17
VisualStudioVersion = 17.12.35527.113 d17.12
MinimumVisualStudioVersion = 10.0.40219.1
Project("{FAE04EC0-301F-11D3-BF4B-00C04F79EFBC}") = "api", "api.csproj", "{A9E89D18-B04D-423B-AAB8-309009EE81C9}"
EndProject
Project("{FAE04EC0-301F-11D3-BF4B-00C04F79EFBC}") = "api.Tests", "..\api.Tests\api.Tests.csproj", "{A93B7EB8-F1D2-4102-B84C-788A4A9369B0}"
EndProject
Global
	GlobalSection(SolutionConfigurationPlatforms) = preSolution
		Debug|Any CPU = Debug|Any CPU
		Release|Any CPU = Release|Any CPU
	EndGlobalSection
	GlobalSection(ProjectConfigurationPlatforms) = postSolution
		{A9E89D18-B04D-423B-AAB8-309009EE81C9}.Debug|Any CPU.ActiveCfg = Debug|Any CPU
		{A9E89D18-B04D-423B-AAB8-309009EE81C9}.Debug|Any CPU.Build.0 = Debug|Any CPU
		{A9E89D18-B04D-423B-AAB8-309009EE81C9}.Release|Any CPU.ActiveCfg = Release|Any CPU
		{A9E89D18-B04D-423B-AAB8-309009EE81C9}.Release|Any CPU.Build.0 = Release|Any CPU
		{A93B7EB8-F1D2-4102-B84C-788A4A9369B0}.Debug|Any CPU.ActiveCfg = Debug|Any CPU
		{A93B7EB8-F1D2-4102-B84C-788A4A9369B0}.Debug|Any CPU.Build.0 = Debug|Any CPU
		{A93B7EB8-F1D2-4102-B84C-788A4A9369B0}.Release|Any CPU.ActiveCfg = Release|Any CPU
		{A93B7EB8-F1D2-4102-B84C-788A4A9369B0}.Release|Any CPU.Build.0 = Release|Any CPU
	EndGlobalSection
	GlobalSection(SolutionProperties) = preSolution
		HideSolutionNode = FALSE
	EndGlobalSection
EndGlobal
